
Microsoft Visual Studio Solution File, Format Version 12.00
# Visual Studio Version 17
VisualStudioVersion = 17.0.31903.59
MinimumVisualStudioVersion = 10.0.40219.1
Project("{FAE04EC0-301F-11D3-BF4B-00C04F79EFBC}") = "OnlineBanking.API", "OnlineBanking.API\OnlineBanking.API.csproj", "{3563217A-F27F-4FB3-A6FE-1D634314E8B9}"
EndProject
Project("{FAE04EC0-301F-11D3-BF4B-00C04F79EFBC}") = "OnlineBanking.Application", "OnlineBanking.Application\OnlineBanking.Application.csproj", "{E66AF41D-5FBC-4AAC-840C-29046C3F3802}"
EndProject
Project("{FAE04EC0-301F-11D3-BF4B-00C04F79EFBC}") = "OnlineBanking.Core", "OnlineBanking.Core\OnlineBanking.Core.csproj", "{56BF5BB6-09E6-46B5-BE14-BFE46E3926AD}"
EndProject
Project("{FAE04EC0-301F-11D3-BF4B-00C04F79EFBC}") = "OnlineBanking.Infrastructure", "OnlineBanking.Infrastructure\OnlineBanking.Infrastructure.csproj", "{F320B24D-E7FE-4EA6-83DA-39A0ADE90485}"
EndProject
Global
	GlobalSection(SolutionConfigurationPlatforms) = preSolution
		Debug|Any CPU = Debug|Any CPU
		Release|Any CPU = Release|Any CPU
	EndGlobalSection
	GlobalSection(SolutionProperties) = preSolution
		HideSolutionNode = FALSE
	EndGlobalSection
	GlobalSection(ProjectConfigurationPlatforms) = postSolution
		{3563217A-F27F-4FB3-A6FE-1D634314E8B9}.Debug|Any CPU.ActiveCfg = Debug|Any CPU
		{3563217A-F27F-4FB3-A6FE-1D634314E8B9}.Debug|Any CPU.Build.0 = Debug|Any CPU
		{3563217A-F27F-4FB3-A6FE-1D634314E8B9}.Release|Any CPU.ActiveCfg = Release|Any CPU
		{3563217A-F27F-4FB3-A6FE-1D634314E8B9}.Release|Any CPU.Build.0 = Release|Any CPU
		{E66AF41D-5FBC-4AAC-840C-29046C3F3802}.Debug|Any CPU.ActiveCfg = Debug|Any CPU
		{E66AF41D-5FBC-4AAC-840C-29046C3F3802}.Debug|Any CPU.Build.0 = Debug|Any CPU
		{E66AF41D-5FBC-4AAC-840C-29046C3F3802}.Release|Any CPU.ActiveCfg = Release|Any CPU
		{E66AF41D-5FBC-4AAC-840C-29046C3F3802}.Release|Any CPU.Build.0 = Release|Any CPU
		{56BF5BB6-09E6-46B5-BE14-BFE46E3926AD}.Debug|Any CPU.ActiveCfg = Debug|Any CPU
		{56BF5BB6-09E6-46B5-BE14-BFE46E3926AD}.Debug|Any CPU.Build.0 = Debug|Any CPU
		{56BF5BB6-09E6-46B5-BE14-BFE46E3926AD}.Release|Any CPU.ActiveCfg = Release|Any CPU
		{56BF5BB6-09E6-46B5-BE14-BFE46E3926AD}.Release|Any CPU.Build.0 = Release|Any CPU
		{F320B24D-E7FE-4EA6-83DA-39A0ADE90485}.Debug|Any CPU.ActiveCfg = Debug|Any CPU
		{F320B24D-E7FE-4EA6-83DA-39A0ADE90485}.Debug|Any CPU.Build.0 = Debug|Any CPU
		{F320B24D-E7FE-4EA6-83DA-39A0ADE90485}.Release|Any CPU.ActiveCfg = Release|Any CPU
		{F320B24D-E7FE-4EA6-83DA-39A0ADE90485}.Release|Any CPU.Build.0 = Release|Any CPU
	EndGlobalSection
EndGlobal
